
Microsoft Visual Studio Solution File, Format Version 12.00
# Visual Studio 15
VisualStudioVersion = 15.0.27130.2027
MinimumVisualStudioVersion = 10.0.40219.1
Project("{8BC9CEB8-8B4A-11D0-8D11-00A0C91BC942}") = "Sudoku_DLX", "Sudoku_DLX\Sudoku_DLX.vcxproj", "{845B5DDD-C91C-40E8-BD2F-9F642847335F}"
EndProject
Global
	GlobalSection(SolutionConfigurationPlatforms) = preSolution
		Debug|x64 = Debug|x64
		Debug|x86 = Debug|x86
		Release|x64 = Release|x64
		Release|x86 = Release|x86
	EndGlobalSection
	GlobalSection(ProjectConfigurationPlatforms) = postSolution
		{845B5DDD-C91C-40E8-BD2F-9F642847335F}.Debug|x64.ActiveCfg = Debug|x64
		{845B5DDD-C91C-40E8-BD2F-9F642847335F}.Debug|x64.Build.0 = Debug|x64
		{845B5DDD-C91C-40E8-BD2F-9F642847335F}.Debug|x86.ActiveCfg = Debug|Win32
		{845B5DDD-C91C-40E8-BD2F-9F642847335F}.Debug|x86.Build.0 = Debug|Win32
		{845B5DDD-C91C-40E8-BD2F-9F642847335F}.Release|x64.ActiveCfg = Release|x64
		{845B5DDD-C91C-40E8-BD2F-9F642847335F}.Release|x64.Build.0 = Release|x64
		{845B5DDD-C91C-40E8-BD2F-9F642847335F}.Release|x86.ActiveCfg = Release|Win32
		{845B5DDD-C91C-40E8-BD2F-9F642847335F}.Release|x86.Build.0 = Release|Win32
	EndGlobalSection
	GlobalSection(SolutionProperties) = preSolution
		HideSolutionNode = FALSE
	EndGlobalSection
	GlobalSection(ExtensibilityGlobals) = postSolution
		SolutionGuid = {9790CAA7-1F03-4B79-AEA4-09FFBF46D6A3}
	EndGlobalSection
EndGlobal
